
Microsoft Visual Studio Solution File, Format Version 12.00
# Visual Studio Version 16
VisualStudioVersion = 16.0.31019.35
MinimumVisualStudioVersion = 10.0.40219.1
Project("{FAE04EC0-301F-11D3-BF4B-00C04F79EFBC}") = "Lab1_19520430_ToDoanCaoChuong", "Lab1_19520430_ToDoanCaoChuong\Lab1_19520430_ToDoanCaoChuong.csproj", "{8D268CF0-8C9F-4331-ABDE-3A668DFB04BD}"
EndProject
Global
	GlobalSection(SolutionConfigurationPlatforms) = preSolution
		Debug|Any CPU = Debug|Any CPU
		Release|Any CPU = Release|Any CPU
	EndGlobalSection
	GlobalSection(ProjectConfigurationPlatforms) = postSolution
		{8D268CF0-8C9F-4331-ABDE-3A668DFB04BD}.Debug|Any CPU.ActiveCfg = Debug|Any CPU
		{8D268CF0-8C9F-4331-ABDE-3A668DFB04BD}.Debug|Any CPU.Build.0 = Debug|Any CPU
		{8D268CF0-8C9F-4331-ABDE-3A668DFB04BD}.Release|Any CPU.ActiveCfg = Release|Any CPU
		{8D268CF0-8C9F-4331-ABDE-3A668DFB04BD}.Release|Any CPU.Build.0 = Release|Any CPU
	EndGlobalSection
	GlobalSection(SolutionProperties) = preSolution
		HideSolutionNode = FALSE
	EndGlobalSection
	GlobalSection(ExtensibilityGlobals) = postSolution
		SolutionGuid = {5EDF4DF2-B1A1-409E-9798-9EFC1C03ED6B}
	EndGlobalSection
EndGlobal
