
Microsoft Visual Studio Solution File, Format Version 12.00
# Visual Studio Version 16
VisualStudioVersion = 16.0.31019.35
MinimumVisualStudioVersion = 10.0.40219.1
Project("{FAE04EC0-301F-11D3-BF4B-00C04F79EFBC}") = "Lab2_19520430_ToDoanCaoChuong", "Lab2_19520430_ToDoanCaoChuong\Lab2_19520430_ToDoanCaoChuong.csproj", "{EEAB0AD4-4C47-46C5-A8C3-7A9EFA19DD2D}"
EndProject
Global
	GlobalSection(SolutionConfigurationPlatforms) = preSolution
		Debug|Any CPU = Debug|Any CPU
		Release|Any CPU = Release|Any CPU
	EndGlobalSection
	GlobalSection(ProjectConfigurationPlatforms) = postSolution
		{EEAB0AD4-4C47-46C5-A8C3-7A9EFA19DD2D}.Debug|Any CPU.ActiveCfg = Debug|Any CPU
		{EEAB0AD4-4C47-46C5-A8C3-7A9EFA19DD2D}.Debug|Any CPU.Build.0 = Debug|Any CPU
		{EEAB0AD4-4C47-46C5-A8C3-7A9EFA19DD2D}.Release|Any CPU.ActiveCfg = Release|Any CPU
		{EEAB0AD4-4C47-46C5-A8C3-7A9EFA19DD2D}.Release|Any CPU.Build.0 = Release|Any CPU
	EndGlobalSection
	GlobalSection(SolutionProperties) = preSolution
		HideSolutionNode = FALSE
	EndGlobalSection
	GlobalSection(ExtensibilityGlobals) = postSolution
		SolutionGuid = {34B02398-9D19-4BF1-998D-3D4DCB87E5DA}
	EndGlobalSection
EndGlobal
